
Microsoft Visual Studio Solution File, Format Version 12.00
# Visual Studio Version 17
VisualStudioVersion = 17.14.36511.14 d17.14
MinimumVisualStudioVersion = 10.0.40219.1
Project("{8BC9CEB8-8B4A-11D0-8D11-00A0C91BC942}") = "5.2", "5.2.vcxproj", "{0A09D583-799D-420C-9376-D92D83C71F44}"
EndProject
Global
	GlobalSection(SolutionConfigurationPlatforms) = preSolution
		Debug|x64 = Debug|x64
		Debug|x86 = Debug|x86
		Release|x64 = Release|x64
		Release|x86 = Release|x86
	EndGlobalSection
	GlobalSection(ProjectConfigurationPlatforms) = postSolution
		{0A09D583-799D-420C-9376-D92D83C71F44}.Debug|x64.ActiveCfg = Debug|x64
		{0A09D583-799D-420C-9376-D92D83C71F44}.Debug|x64.Build.0 = Debug|x64
		{0A09D583-799D-420C-9376-D92D83C71F44}.Debug|x86.ActiveCfg = Debug|Win32
		{0A09D583-799D-420C-9376-D92D83C71F44}.Debug|x86.Build.0 = Debug|Win32
		{0A09D583-799D-420C-9376-D92D83C71F44}.Release|x64.ActiveCfg = Release|x64
		{0A09D583-799D-420C-9376-D92D83C71F44}.Release|x64.Build.0 = Release|x64
		{0A09D583-799D-420C-9376-D92D83C71F44}.Release|x86.ActiveCfg = Release|Win32
		{0A09D583-799D-420C-9376-D92D83C71F44}.Release|x86.Build.0 = Release|Win32
	EndGlobalSection
	GlobalSection(SolutionProperties) = preSolution
		HideSolutionNode = FALSE
	EndGlobalSection
	GlobalSection(ExtensibilityGlobals) = postSolution
		SolutionGuid = {B626D6D1-FC02-43E2-A026-464C2C0581E4}
	EndGlobalSection
EndGlobal
